// !$*UTF8*$!
{
	archiveVersion = 1;
	classes = {
	};
	objectVersion = 50;
	objects = {

/* Begin PBXBuildFile section */
		EB3B798125E8BCF700BA65DA /* AppDelegate.swift in Sources */ = {isa = PBXBuildFile; fileRef = EB3B798025E8BCF700BA65DA /* AppDelegate.swift */; };
		EB3B798325E8BCF700BA65DA /* SceneDelegate.swift in Sources */ = {isa = PBXBuildFile; fileRef = EB3B798225E8BCF700BA65DA /* SceneDelegate.swift */; };
		EB3B798525E8BCF700BA65DA /* ViewController.swift in Sources */ = {isa = PBXBuildFile; fileRef = EB3B798425E8BCF700BA65DA /* ViewController.swift */; };
		EB3B798A25E8BCF800BA65DA /* Assets.xcassets in Resources */ = {isa = PBXBuildFile; fileRef = EB3B798925E8BCF800BA65DA /* Assets.xcassets */; };
		EB3B798D25E8BCF800BA65DA /* LaunchScreen.storyboard in Resources */ = {isa = PBXBuildFile; fileRef = EB3B798B25E8BCF800BA65DA /* LaunchScreen.storyboard */; };
		EB3B799925E8C3A100BA65DA /* APIkey.swift in Sources */ = {isa = PBXBuildFile; fileRef = EB3B799825E8C3A100BA65DA /* APIkey.swift */; };
		EB3B799D25E8C47600BA65DA /* NewsModel.swift in Sources */ = {isa = PBXBuildFile; fileRef = EB3B799C25E8C47600BA65DA /* NewsModel.swift */; };
		EB3B79A225E8C69000BA65DA /* NetworkManager.swift in Sources */ = {isa = PBXBuildFile; fileRef = EB3B79A125E8C69000BA65DA /* NetworkManager.swift */; };
		EB3B79A725E8DBCA00BA65DA /* NewsViewModel.swift in Sources */ = {isa = PBXBuildFile; fileRef = EB3B79A625E8DBCA00BA65DA /* NewsViewModel.swift */; };
		EB446F4E25E8F85A004302E0 /* Header.swift in Sources */ = {isa = PBXBuildFile; fileRef = EB446F4D25E8F859004302E0 /* Header.swift */; };
/* End PBXBuildFile section */

/* Begin PBXFileReference section */
		EB3B797D25E8BCF700BA65DA /* NewsAppProgramatically.app */ = {isa = PBXFileReference; explicitFileType = wrapper.application; includeInIndex = 0; path = NewsAppProgramatically.app; sourceTree = BUILT_PRODUCTS_DIR; };
		EB3B798025E8BCF700BA65DA /* AppDelegate.swift */ = {isa = PBXFileReference; lastKnownFileType = sourcecode.swift; path = AppDelegate.swift; sourceTree = "<group>"; };
		EB3B798225E8BCF700BA65DA /* SceneDelegate.swift */ = {isa = PBXFileReference; lastKnownFileType = sourcecode.swift; path = SceneDelegate.swift; sourceTree = "<group>"; };
		EB3B798425E8BCF700BA65DA /* ViewController.swift */ = {isa = PBXFileReference; lastKnownFileType = sourcecode.swift; path = ViewController.swift; sourceTree = "<group>"; };
		EB3B798925E8BCF800BA65DA /* Assets.xcassets */ = {isa = PBXFileReference; lastKnownFileType = folder.assetcatalog; path = Assets.xcassets; sourceTree = "<group>"; };
		EB3B798C25E8BCF800BA65DA /* Base */ = {isa = PBXFileReference; lastKnownFileType = file.storyboard; name = Base; path = Base.lproj/LaunchScreen.storyboard; sourceTree = "<group>"; };
		EB3B798E25E8BCF800BA65DA /* Info.plist */ = {isa = PBXFileReference; lastKnownFileType = text.plist.xml; path = Info.plist; sourceTree = "<group>"; };
		EB3B799825E8C3A100BA65DA /* APIkey.swift */ = {isa = PBXFileReference; lastKnownFileType = sourcecode.swift; path = APIkey.swift; sourceTree = "<group>"; };
		EB3B799C25E8C47600BA65DA /* NewsModel.swift */ = {isa = PBXFileReference; lastKnownFileType = sourcecode.swift; path = NewsModel.swift; sourceTree = "<group>"; };
		EB3B79A125E8C69000BA65DA /* NetworkManager.swift */ = {isa = PBXFileReference; lastKnownFileType = sourcecode.swift; path = NetworkManager.swift; sourceTree = "<group>"; };
		EB3B79A625E8DBCA00BA65DA /* NewsViewModel.swift */ = {isa = PBXFileReference; lastKnownFileType = sourcecode.swift; path = NewsViewModel.swift; sourceTree = "<group>"; };
		EB446F4D25E8F859004302E0 /* Header.swift */ = {isa = PBXFileReference; lastKnownFileType = sourcecode.swift; path = Header.swift; sourceTree = "<group>"; };
/* End PBXFileReference section */

/* Begin PBXFrameworksBuildPhase section */
		EB3B797A25E8BCF700BA65DA /* Frameworks */ = {
			isa = PBXFrameworksBuildPhase;
			buildActionMask = 2147483647;
			files = (
			);
			runOnlyForDeploymentPostprocessing = 0;
		};
/* End PBXFrameworksBuildPhase section */

/* Begin PBXGroup section */
		EB3B797425E8BCF700BA65DA = {
			isa = PBXGroup;
			children = (
				EB3B797F25E8BCF700BA65DA /* NewsAppProgramatically */,
				EB3B797E25E8BCF700BA65DA /* Products */,
			);
			sourceTree = "<group>";
		};
		EB3B797E25E8BCF700BA65DA /* Products */ = {
			isa = PBXGroup;
			children = (
				EB3B797D25E8BCF700BA65DA /* NewsAppProgramatically.app */,
			);
			name = Products;
			sourceTree = "<group>";
		};
		EB3B797F25E8BCF700BA65DA /* NewsAppProgramatically */ = {
			isa = PBXGroup;
			children = (
				EB446F4C25E8F849004302E0 /* VIews */,
				EB3B79A525E8DBB700BA65DA /* ViewModels */,
				EB3B79A025E8C67A00BA65DA /* Services */,
				EB3B799B25E8C46500BA65DA /* Models */,
				EB3B799725E8C38600BA65DA /* Config */,
				EB3B798025E8BCF700BA65DA /* AppDelegate.swift */,
				EB3B798225E8BCF700BA65DA /* SceneDelegate.swift */,
				EB3B798425E8BCF700BA65DA /* ViewController.swift */,
				EB3B798925E8BCF800BA65DA /* Assets.xcassets */,
				EB3B798B25E8BCF800BA65DA /* LaunchScreen.storyboard */,
				EB3B798E25E8BCF800BA65DA /* Info.plist */,
			);
			path = NewsAppProgramatically;
			sourceTree = "<group>";
		};
		EB3B799725E8C38600BA65DA /* Config */ = {
			isa = PBXGroup;
			children = (
				EB3B799825E8C3A100BA65DA /* APIkey.swift */,
			);
			path = Config;
			sourceTree = "<group>";
		};
		EB3B799B25E8C46500BA65DA /* Models */ = {
			isa = PBXGroup;
			children = (
				EB3B799C25E8C47600BA65DA /* NewsModel.swift */,
			);
			path = Models;
			sourceTree = "<group>";
		};
		EB3B79A025E8C67A00BA65DA /* Services */ = {
			isa = PBXGroup;
			children = (
				EB3B79A125E8C69000BA65DA /* NetworkManager.swift */,
			);
			path = Services;
			sourceTree = "<group>";
		};
		EB3B79A525E8DBB700BA65DA /* ViewModels */ = {
			isa = PBXGroup;
			children = (
				EB3B79A625E8DBCA00BA65DA /* NewsViewModel.swift */,
			);
			path = ViewModels;
			sourceTree = "<group>";
		};
		EB446F4C25E8F849004302E0 /* VIews */ = {
			isa = PBXGroup;
			children = (
				EB446F4D25E8F859004302E0 /* Header.swift */,
			);
			path = VIews;
			sourceTree = "<group>";
		};
/* End PBXGroup section */

/* Begin PBXNativeTarget section */
		EB3B797C25E8BCF700BA65DA /* NewsAppProgramatically */ = {
			isa = PBXNativeTarget;
			buildConfigurationList = EB3B799125E8BCF800BA65DA /* Build configuration list for PBXNativeTarget "NewsAppProgramatically" */;
			buildPhases = (
				EB3B797925E8BCF700BA65DA /* Sources */,
				EB3B797A25E8BCF700BA65DA /* Frameworks */,
				EB3B797B25E8BCF700BA65DA /* Resources */,
			);
			buildRules = (
			);
			dependencies = (
			);
			name = NewsAppProgramatically;
			productName = NewsAppProgramatically;
			productReference = EB3B797D25E8BCF700BA65DA /* NewsAppProgramatically.app */;
			productType = "com.apple.product-type.application";
		};
/* End PBXNativeTarget section */

/* Begin PBXProject section */
		EB3B797525E8BCF700BA65DA /* Project object */ = {
			isa = PBXProject;
			attributes = {
				LastSwiftUpdateCheck = 1220;
				LastUpgradeCheck = 1220;
				TargetAttributes = {
					EB3B797C25E8BCF700BA65DA = {
						CreatedOnToolsVersion = 12.2;
					};
				};
			};
			buildConfigurationList = EB3B797825E8BCF700BA65DA /* Build configuration list for PBXProject "NewsAppProgramatically" */;
			compatibilityVersion = "Xcode 9.3";
			developmentRegion = en;
			hasScannedForEncodings = 0;
			knownRegions = (
				en,
				Base,
			);
			mainGroup = EB3B797425E8BCF700BA65DA;
			productRefGroup = EB3B797E25E8BCF700BA65DA /* Products */;
			projectDirPath = "";
			projectRoot = "";
			targets = (
				EB3B797C25E8BCF700BA65DA /* NewsAppProgramatically */,
			);
		};
/* End PBXProject section */

/* Begin PBXResourcesBuildPhase section */
		EB3B797B25E8BCF700BA65DA /* Resources */ = {
			isa = PBXResourcesBuildPhase;
			buildActionMask = 2147483647;
			files = (
				EB3B798D25E8BCF800BA65DA /* LaunchScreen.storyboard in Resources */,
				EB3B798A25E8BCF800BA65DA /* Assets.xcassets in Resources */,
			);
			runOnlyForDeploymentPostprocessing = 0;
		};
/* End PBXResourcesBuildPhase section */

/* Begin PBXSourcesBuildPhase section */
		EB3B797925E8BCF700BA65DA /* Sources */ = {
			isa = PBXSourcesBuildPhase;
			buildActionMask = 2147483647;
			files = (
				EB446F4E25E8F85A004302E0 /* Header.swift in Sources */,
				EB3B79A225E8C69000BA65DA /* NetworkManager.swift in Sources */,
				EB3B798525E8BCF700BA65DA /* ViewController.swift in Sources */,
				EB3B798125E8BCF700BA65DA /* AppDelegate.swift in Sources */,
				EB3B799925E8C3A100BA65DA /* APIkey.swift in Sources */,
				EB3B79A725E8DBCA00BA65DA /* NewsViewModel.swift in Sources */,
				EB3B798325E8BCF700BA65DA /* SceneDelegate.swift in Sources */,
				EB3B799D25E8C47600BA65DA /* NewsModel.swift in Sources */,
			);
			runOnlyForDeploymentPostprocessing = 0;
		};
/* End PBXSourcesBuildPhase section */

/* Begin PBXVariantGroup section */
		EB3B798B25E8BCF800BA65DA /* LaunchScreen.storyboard */ = {
			isa = PBXVariantGroup;
			children = (
				EB3B798C25E8BCF800BA65DA /* Base */,
			);
			name = LaunchScreen.storyboard;
			sourceTree = "<group>";
		};
/* End PBXVariantGroup section */

/* Begin XCBuildConfiguration section */
		EB3B798F25E8BCF800BA65DA /* Debug */ = {
			isa = XCBuildConfiguration;
			buildSettings = {
				ALWAYS_SEARCH_USER_PATHS = NO;
				CLANG_ANALYZER_NONNULL = YES;
				CLANG_ANALYZER_NUMBER_OBJECT_CONVERSION = YES_AGGRESSIVE;
				CLANG_CXX_LANGUAGE_STANDARD = "gnu++14";
				CLANG_CXX_LIBRARY = "libc++";
				CLANG_ENABLE_MODULES = YES;
				CLANG_ENABLE_OBJC_ARC = YES;
				CLANG_ENABLE_OBJC_WEAK = YES;
				CLANG_WARN_BLOCK_CAPTURE_AUTORELEASING = YES;
				CLANG_WARN_BOOL_CONVERSION = YES;
				CLANG_WARN_COMMA = YES;
				CLANG_WARN_CONSTANT_CONVERSION = YES;
				CLANG_WARN_DEPRECATED_OBJC_IMPLEMENTATIONS = YES;
				CLANG_WARN_DIRECT_OBJC_ISA_USAGE = YES_ERROR;
				CLANG_WARN_DOCUMENTATION_COMMENTS = YES;
				CLANG_WARN_EMPTY_BODY = YES;
				CLANG_WARN_ENUM_CONVERSION = YES;
				CLANG_WARN_INFINITE_RECURSION = YES;
				CLANG_WARN_INT_CONVERSION = YES;
				CLANG_WARN_NON_LITERAL_NULL_CONVERSION = YES;
				CLANG_WARN_OBJC_IMPLICIT_RETAIN_SELF = YES;
				CLANG_WARN_OBJC_LITERAL_CONVERSION = YES;
				CLANG_WARN_OBJC_ROOT_CLASS = YES_ERROR;
				CLANG_WARN_QUOTED_INCLUDE_IN_FRAMEWORK_HEADER = YES;
				CLANG_WARN_RANGE_LOOP_ANALYSIS = YES;
				CLANG_WARN_STRICT_PROTOTYPES = YES;
				CLANG_WARN_SUSPICIOUS_MOVE = YES;
				CLANG_WARN_UNGUARDED_AVAILABILITY = YES_AGGRESSIVE;
				CLANG_WARN_UNREACHABLE_CODE = YES;
				CLANG_WARN__DUPLICATE_METHOD_MATCH = YES;
				COPY_PHASE_STRIP = NO;
				DEBUG_INFORMATION_FORMAT = dwarf;
				ENABLE_STRICT_OBJC_MSGSEND = YES;
				ENABLE_TESTABILITY = YES;
				GCC_C_LANGUAGE_STANDARD = gnu11;
				GCC_DYNAMIC_NO_PIC = NO;
				GCC_NO_COMMON_BLOCKS = YES;
				GCC_OPTIMIZATION_LEVEL = 0;
				GCC_PREPROCESSOR_DEFINITIONS = (
					"DEBUG=1",
					"$(inherited)",
				);
				GCC_WARN_64_TO_32_BIT_CONVERSION = YES;
				GCC_WARN_ABOUT_RETURN_TYPE = YES_ERROR;
				GCC_WARN_UNDECLARED_SELECTOR = YES;
				GCC_WARN_UNINITIALIZED_AUTOS = YES_AGGRESSIVE;
				GCC_WARN_UNUSED_FUNCTION = YES;
				GCC_WARN_UNUSED_VARIABLE = YES;
				IPHONEOS_DEPLOYMENT_TARGET = 14.2;
				MTL_ENABLE_DEBUG_INFO = INCLUDE_SOURCE;
				MTL_FAST_MATH = YES;
				ONLY_ACTIVE_ARCH = YES;
				SDKROOT = iphoneos;
				SWIFT_ACTIVE_COMPILATION_CONDITIONS = DEBUG;
				SWIFT_OPTIMIZATION_LEVEL = "-Onone";
			};
			name = Debug;
		};
		EB3B799025E8BCF800BA65DA /* Release */ = {
			isa = XCBuildConfiguration;
			buildSettings = {
				ALWAYS_SEARCH_USER_PATHS = NO;
				CLANG_ANALYZER_NONNULL = YES;
				CLANG_ANALYZER_NUMBER_OBJECT_CONVERSION = YES_AGGRESSIVE;
				CLANG_CXX_LANGUAGE_STANDARD = "gnu++14";
				CLANG_CXX_LIBRARY = "libc++";
				CLANG_ENABLE_MODULES = YES;
				CLANG_ENABLE_OBJC_ARC = YES;
				CLANG_ENABLE_OBJC_WEAK = YES;
				CLANG_WARN_BLOCK_CAPTURE_AUTORELEASING = YES;
				CLANG_WARN_BOOL_CONVERSION = YES;
				CLANG_WARN_COMMA = YES;
				CLANG_WARN_CONSTANT_CONVERSION = YES;
				CLANG_WARN_DEPRECATED_OBJC_IMPLEMENTATIONS = YES;
				CLANG_WARN_DIRECT_OBJC_ISA_USAGE = YES_ERROR;
				CLANG_WARN_DOCUMENTATION_COMMENTS = YES;
				CLANG_WARN_EMPTY_BODY = YES;
				CLANG_WARN_ENUM_CONVERSION = YES;
				CLANG_WARN_INFINITE_RECURSION = YES;
				CLANG_WARN_INT_CONVERSION = YES;
				CLANG_WARN_NON_LITERAL_NULL_CONVERSION = YES;
				CLANG_WARN_OBJC_IMPLICIT_RETAIN_SELF = YES;
				CLANG_WARN_OBJC_LITERAL_CONVERSION = YES;
				CLANG_WARN_OBJC_ROOT_CLASS = YES_ERROR;
				CLANG_WARN_QUOTED_INCLUDE_IN_FRAMEWORK_HEADER = YES;
				CLANG_WARN_RANGE_LOOP_ANALYSIS = YES;
				CLANG_WARN_STRICT_PROTOTYPES = YES;
				CLANG_WARN_SUSPICIOUS_MOVE = YES;
				CLANG_WARN_UNGUARDED_AVAILABILITY = YES_AGGRESSIVE;
				CLANG_WARN_UNREACHABLE_CODE = YES;
				CLANG_WARN__DUPLICATE_METHOD_MATCH = YES;
				COPY_PHASE_STRIP = NO;
				DEBUG_INFORMATION_FORMAT = "dwarf-with-dsym";
				ENABLE_NS_ASSERTIONS = NO;
				ENABLE_STRICT_OBJC_MSGSEND = YES;
				GCC_C_LANGUAGE_STANDARD = gnu11;
				GCC_NO_COMMON_BLOCKS = YES;
				GCC_WARN_64_TO_32_BIT_CONVERSION = YES;
				GCC_WARN_ABOUT_RETURN_TYPE = YES_ERROR;
				GCC_WARN_UNDECLARED_SELECTOR = YES;
				GCC_WARN_UNINITIALIZED_AUTOS = YES_AGGRESSIVE;
				GCC_WARN_UNUSED_FUNCTION = YES;
				GCC_WARN_UNUSED_VARIABLE = YES;
				IPHONEOS_DEPLOYMENT_TARGET = 14.2;
				MTL_ENABLE_DEBUG_INFO = NO;
				MTL_FAST_MATH = YES;
				SDKROOT = iphoneos;
				SWIFT_COMPILATION_MODE = wholemodule;
				SWIFT_OPTIMIZATION_LEVEL = "-O";
				VALIDATE_PRODUCT = YES;
			};
			name = Release;
		};
		EB3B799225E8BCF800BA65DA /* Debug */ = {
			isa = XCBuildConfiguration;
			buildSettings = {
				ASSETCATALOG_COMPILER_APPICON_NAME = AppIcon;
				ASSETCATALOG_COMPILER_GLOBAL_ACCENT_COLOR_NAME = AccentColor;
				CODE_SIGN_STYLE = Automatic;
				DEVELOPMENT_TEAM = K924X73642;
				INFOPLIST_FILE = NewsAppProgramatically/Info.plist;
				LD_RUNPATH_SEARCH_PATHS = (
					"$(inherited)",
					"@executable_path/Frameworks",
				);
				PRODUCT_BUNDLE_IDENTIFIER = com.tanvirgeek.NewsAppProgramatically;
				PRODUCT_NAME = "$(TARGET_NAME)";
				SWIFT_VERSION = 5.0;
				TARGETED_DEVICE_FAMILY = "1,2";
			};
			name = Debug;
		};
		EB3B799325E8BCF800BA65DA /* Release */ = {
			isa = XCBuildConfiguration;
			buildSettings = {
				ASSETCATALOG_COMPILER_APPICON_NAME = AppIcon;
				ASSETCATALOG_COMPILER_GLOBAL_ACCENT_COLOR_NAME = AccentColor;
				CODE_SIGN_STYLE = Automatic;
				DEVELOPMENT_TEAM = K924X73642;
				INFOPLIST_FILE = NewsAppProgramatically/Info.plist;
				LD_RUNPATH_SEARCH_PATHS = (
					"$(inherited)",
					"@executable_path/Frameworks",
				);
				PRODUCT_BUNDLE_IDENTIFIER = com.tanvirgeek.NewsAppProgramatically;
				PRODUCT_NAME = "$(TARGET_NAME)";
				SWIFT_VERSION = 5.0;
				TARGETED_DEVICE_FAMILY = "1,2";
			};
			name = Release;
		};
/* End XCBuildConfiguration section */

/* Begin XCConfigurationList section */
		EB3B797825E8BCF700BA65DA /* Build configuration list for PBXProject "NewsAppProgramatically" */ = {
			isa = XCConfigurationList;
			buildConfigurations = (
				EB3B798F25E8BCF800BA65DA /* Debug */,
				EB3B799025E8BCF800BA65DA /* Release */,
			);
			defaultConfigurationIsVisible = 0;
			defaultConfigurationName = Release;
		};
		EB3B799125E8BCF800BA65DA /* Build configuration list for PBXNativeTarget "NewsAppProgramatically" */ = {
			isa = XCConfigurationList;
			buildConfigurations = (
				EB3B799225E8BCF800BA65DA /* Debug */,
				EB3B799325E8BCF800BA65DA /* Release */,
			);
			defaultConfigurationIsVisible = 0;
			defaultConfigurationName = Release;
		};
/* End XCConfigurationList section */
	};
	rootObject = EB3B797525E8BCF700BA65DA /* Project object */;
}
